
Microsoft Visual Studio Solution File, Format Version 12.00
# Visual Studio Version 17
VisualStudioVersion = 17.13.35913.81 d17.13
MinimumVisualStudioVersion = 10.0.40219.1
Project("{FAE04EC0-301F-11D3-BF4B-00C04F79EFBC}") = "ChannelModule", "ChannelModule\ChannelModule.csproj", "{50F9FA82-1B93-4696-8032-FE1BAE0B4633}"
EndProject
Global
	GlobalSection(SolutionConfigurationPlatforms) = preSolution
		Debug|Any CPU = Debug|Any CPU
		Release|Any CPU = Release|Any CPU
	EndGlobalSection
	GlobalSection(ProjectConfigurationPlatforms) = postSolution
		{50F9FA82-1B93-4696-8032-FE1BAE0B4633}.Debug|Any CPU.ActiveCfg = Debug|Any CPU
		{50F9FA82-1B93-4696-8032-FE1BAE0B4633}.Debug|Any CPU.Build.0 = Debug|Any CPU
		{50F9FA82-1B93-4696-8032-FE1BAE0B4633}.Release|Any CPU.ActiveCfg = Release|Any CPU
		{50F9FA82-1B93-4696-8032-FE1BAE0B4633}.Release|Any CPU.Build.0 = Release|Any CPU
	EndGlobalSection
	GlobalSection(SolutionProperties) = preSolution
		HideSolutionNode = FALSE
	EndGlobalSection
	GlobalSection(ExtensibilityGlobals) = postSolution
		SolutionGuid = {0B7647D0-8B2C-4E3B-8D9B-EEE1E71937F2}
	EndGlobalSection
EndGlobal
